
Microsoft Visual Studio Solution File, Format Version 12.00
# Visual Studio 15
VisualStudioVersion = 15.0.27703.2026
MinimumVisualStudioVersion = 10.0.40219.1
Project("{9A19103F-16F7-4668-BE54-9A1E7A4F7556}") = "SecretPlaces", "SecretPlaces\SecretPlaces.csproj", "{879374B6-8C60-4196-998C-B9415FC7483C}"
EndProject
Global
	GlobalSection(SolutionConfigurationPlatforms) = preSolution
		Debug|Any CPU = Debug|Any CPU
		Release|Any CPU = Release|Any CPU
	EndGlobalSection
	GlobalSection(ProjectConfigurationPlatforms) = postSolution
		{879374B6-8C60-4196-998C-B9415FC7483C}.Debug|Any CPU.ActiveCfg = Debug|Any CPU
		{879374B6-8C60-4196-998C-B9415FC7483C}.Debug|Any CPU.Build.0 = Debug|Any CPU
		{879374B6-8C60-4196-998C-B9415FC7483C}.Release|Any CPU.ActiveCfg = Release|Any CPU
		{879374B6-8C60-4196-998C-B9415FC7483C}.Release|Any CPU.Build.0 = Release|Any CPU
	EndGlobalSection
	GlobalSection(SolutionProperties) = preSolution
		HideSolutionNode = FALSE
	EndGlobalSection
	GlobalSection(ExtensibilityGlobals) = postSolution
		SolutionGuid = {E51C97B3-BCE4-447A-B630-7F6925241BAF}
	EndGlobalSection
EndGlobal
